
Microsoft Visual Studio Solution File, Format Version 12.00
# Visual Studio 15
VisualStudioVersion = 15.0.27130.2036
MinimumVisualStudioVersion = 10.0.40219.1
Project("{9A19103F-16F7-4668-BE54-9A1E7A4F7556}") = "serverside", "serverside\serverside.csproj", "{8B9C024C-B25F-4F83-ABEB-D31094D9205A}"
	ProjectSection(ProjectDependencies) = postProject
		{F0F10433-3A02-47E6-A612-F56545F9E179} = {F0F10433-3A02-47E6-A612-F56545F9E179}
	EndProjectSection
EndProject
Project("{9A19103F-16F7-4668-BE54-9A1E7A4F7556}") = "vAPI", "vAPI\vAPI.csproj", "{F0F10433-3A02-47E6-A612-F56545F9E179}"
EndProject
Project("{9A19103F-16F7-4668-BE54-9A1E7A4F7556}") = "core", "core\core.csproj", "{6D160F47-5934-48CD-9565-389DD214572B}"
EndProject
Project("{FAE04EC0-301F-11D3-BF4B-00C04F79EFBC}") = "dal", "dal\dal.csproj", "{223C043E-0F36-43AF-AED3-6AAB0357C36A}"
EndProject
Global
	GlobalSection(SolutionConfigurationPlatforms) = preSolution
		Debug|Any CPU = Debug|Any CPU
		Release|Any CPU = Release|Any CPU
	EndGlobalSection
	GlobalSection(ProjectConfigurationPlatforms) = postSolution
		{8B9C024C-B25F-4F83-ABEB-D31094D9205A}.Debug|Any CPU.ActiveCfg = Debug|Any CPU
		{8B9C024C-B25F-4F83-ABEB-D31094D9205A}.Debug|Any CPU.Build.0 = Debug|Any CPU
		{8B9C024C-B25F-4F83-ABEB-D31094D9205A}.Release|Any CPU.ActiveCfg = Release|Any CPU
		{8B9C024C-B25F-4F83-ABEB-D31094D9205A}.Release|Any CPU.Build.0 = Release|Any CPU
		{F0F10433-3A02-47E6-A612-F56545F9E179}.Debug|Any CPU.ActiveCfg = Debug|Any CPU
		{F0F10433-3A02-47E6-A612-F56545F9E179}.Debug|Any CPU.Build.0 = Debug|Any CPU
		{F0F10433-3A02-47E6-A612-F56545F9E179}.Release|Any CPU.ActiveCfg = Release|Any CPU
		{F0F10433-3A02-47E6-A612-F56545F9E179}.Release|Any CPU.Build.0 = Release|Any CPU
		{6D160F47-5934-48CD-9565-389DD214572B}.Debug|Any CPU.ActiveCfg = Debug|Any CPU
		{6D160F47-5934-48CD-9565-389DD214572B}.Debug|Any CPU.Build.0 = Debug|Any CPU
		{6D160F47-5934-48CD-9565-389DD214572B}.Release|Any CPU.ActiveCfg = Release|Any CPU
		{6D160F47-5934-48CD-9565-389DD214572B}.Release|Any CPU.Build.0 = Release|Any CPU
		{223C043E-0F36-43AF-AED3-6AAB0357C36A}.Debug|Any CPU.ActiveCfg = Debug|Any CPU
		{223C043E-0F36-43AF-AED3-6AAB0357C36A}.Debug|Any CPU.Build.0 = Debug|Any CPU
		{223C043E-0F36-43AF-AED3-6AAB0357C36A}.Release|Any CPU.ActiveCfg = Release|Any CPU
		{223C043E-0F36-43AF-AED3-6AAB0357C36A}.Release|Any CPU.Build.0 = Release|Any CPU
	EndGlobalSection
	GlobalSection(SolutionProperties) = preSolution
		HideSolutionNode = FALSE
	EndGlobalSection
	GlobalSection(ExtensibilityGlobals) = postSolution
		SolutionGuid = {DAF1882F-D48D-40B0-ADAA-B8CCBAF8F128}
	EndGlobalSection
EndGlobal
